{
  "requires": true,
  "lockfileVersion": 1,
  "dependencies": {
    "android.support.v7.recyclerview": {
      "version": "1.0.0",
      "resolved": "https://registry.npmjs.org/android.support.v7.recyclerview/-/android.support.v7.recyclerview-1.0.0.tgz",
      "integrity": "sha1-pJOnmOBODbMvqXCivAE4hEcAN6s="
    }
  }
}
